
Microsoft Visual Studio Solution File, Format Version 12.00
# Visual Studio Version 16
VisualStudioVersion = 16.0.29503.13
MinimumVisualStudioVersion = 10.0.40219.1
Project("{888888A0-9F3D-457C-B088-3A5042F75D52}") = "Rotators", "Rotators.pyproj", "{04AC8F47-85D0-4942-A8B2-6151D4170D39}"
EndProject
Global
	GlobalSection(SolutionConfigurationPlatforms) = preSolution
		Debug|Any CPU = Debug|Any CPU
		Release|Any CPU = Release|Any CPU
	EndGlobalSection
	GlobalSection(ProjectConfigurationPlatforms) = postSolution
		{04AC8F47-85D0-4942-A8B2-6151D4170D39}.Debug|Any CPU.ActiveCfg = Debug|Any CPU
		{04AC8F47-85D0-4942-A8B2-6151D4170D39}.Release|Any CPU.ActiveCfg = Release|Any CPU
	EndGlobalSection
	GlobalSection(SolutionProperties) = preSolution
		HideSolutionNode = FALSE
	EndGlobalSection
	GlobalSection(ExtensibilityGlobals) = postSolution
		SolutionGuid = {6320B6DB-82C6-4BBC-82A4-17A7865474CB}
	EndGlobalSection
EndGlobal
